
Microsoft Visual Studio Solution File, Format Version 12.00
# Visual Studio Version 16
VisualStudioVersion = 16.0.32228.343
MinimumVisualStudioVersion = 10.0.40219.1
Project("{FAE04EC0-301F-11D3-BF4B-00C04F79EFBC}") = "SalesWebMvcVersion", "SalesWebMvcVersion\SalesWebMvcVersion.csproj", "{4E0B7B3C-D670-48E5-948F-E4174E464AE3}"
EndProject
Global
	GlobalSection(SolutionConfigurationPlatforms) = preSolution
		Debug|Any CPU = Debug|Any CPU
		Release|Any CPU = Release|Any CPU
	EndGlobalSection
	GlobalSection(ProjectConfigurationPlatforms) = postSolution
		{4E0B7B3C-D670-48E5-948F-E4174E464AE3}.Debug|Any CPU.ActiveCfg = Debug|Any CPU
		{4E0B7B3C-D670-48E5-948F-E4174E464AE3}.Debug|Any CPU.Build.0 = Debug|Any CPU
		{4E0B7B3C-D670-48E5-948F-E4174E464AE3}.Release|Any CPU.ActiveCfg = Release|Any CPU
		{4E0B7B3C-D670-48E5-948F-E4174E464AE3}.Release|Any CPU.Build.0 = Release|Any CPU
	EndGlobalSection
	GlobalSection(SolutionProperties) = preSolution
		HideSolutionNode = FALSE
	EndGlobalSection
	GlobalSection(ExtensibilityGlobals) = postSolution
		SolutionGuid = {BF1EE21A-54CC-4C2F-869A-CD4A536438D6}
	EndGlobalSection
EndGlobal
